// !$*UTF8*$!
{
	archiveVersion = 1;
	classes = {
	};
	objectVersion = 46;
	objects = {

/* Begin PBXBuildFile section */
		3780E2A31DD4D06F005867E2 /* TimeSeries2.swift in Sources */ = {isa = PBXBuildFile; fileRef = 3780E2A21DD4D06F005867E2 /* TimeSeries2.swift */; };
		3780E2A71DD4D485005867E2 /* SortedArrayTests.swift in Sources */ = {isa = PBXBuildFile; fileRef = 3780E2A61DD4D485005867E2 /* SortedArrayTests.swift */; };
		3780E2A91DD4E02A005867E2 /* Sequenceable.swift in Sources */ = {isa = PBXBuildFile; fileRef = 3780E2A81DD4E02A005867E2 /* Sequenceable.swift */; };
		37F888811DD2AAA200989091 /* main.swift in Sources */ = {isa = PBXBuildFile; fileRef = 37F888801DD2AAA200989091 /* main.swift */; };
		37F8888A1DD2AAD900989091 /* SortedArray.swift in Sources */ = {isa = PBXBuildFile; fileRef = 37F888891DD2AAD900989091 /* SortedArray.swift */; };
		37F8888C1DD2AAF400989091 /* Protocols.swift in Sources */ = {isa = PBXBuildFile; fileRef = 37F8888B1DD2AAF400989091 /* Protocols.swift */; };
		37F8888F1DD2C3B100989091 /* README.md in Sources */ = {isa = PBXBuildFile; fileRef = 37F8888E1DD2C3B100989091 /* README.md */; };
		37F888941DD3811700989091 /* Scratchpad.swift in Sources */ = {isa = PBXBuildFile; fileRef = 37F888931DD3811700989091 /* Scratchpad.swift */; };
		37F888981DD398DB00989091 /* Extensions.swift in Sources */ = {isa = PBXBuildFile; fileRef = 37F888971DD398DB00989091 /* Extensions.swift */; };
/* End PBXBuildFile section */

/* Begin PBXCopyFilesBuildPhase section */
		37F8887B1DD2AAA200989091 /* CopyFiles */ = {
			isa = PBXCopyFilesBuildPhase;
			buildActionMask = 2147483647;
			dstPath = /usr/share/man/man1/;
			dstSubfolderSpec = 0;
			files = (
			);
			runOnlyForDeploymentPostprocessing = 1;
		};
/* End PBXCopyFilesBuildPhase section */

/* Begin PBXFileReference section */
		3780E2A21DD4D06F005867E2 /* TimeSeries2.swift */ = {isa = PBXFileReference; fileEncoding = 4; lastKnownFileType = sourcecode.swift; path = TimeSeries2.swift; sourceTree = "<group>"; };
		3780E2A41DD4D252005867E2 /* main2.swift */ = {isa = PBXFileReference; fileEncoding = 4; lastKnownFileType = sourcecode.swift; path = main2.swift; sourceTree = "<group>"; };
		3780E2A61DD4D485005867E2 /* SortedArrayTests.swift */ = {isa = PBXFileReference; fileEncoding = 4; lastKnownFileType = sourcecode.swift; path = SortedArrayTests.swift; sourceTree = "<group>"; };
		3780E2A81DD4E02A005867E2 /* Sequenceable.swift */ = {isa = PBXFileReference; fileEncoding = 4; lastKnownFileType = sourcecode.swift; path = Sequenceable.swift; sourceTree = "<group>"; };
		37F8887D1DD2AAA200989091 /* TimeSeries */ = {isa = PBXFileReference; explicitFileType = "compiled.mach-o.executable"; includeInIndex = 0; path = TimeSeries; sourceTree = BUILT_PRODUCTS_DIR; };
		37F888801DD2AAA200989091 /* main.swift */ = {isa = PBXFileReference; lastKnownFileType = sourcecode.swift; path = main.swift; sourceTree = "<group>"; };
		37F888871DD2AAC200989091 /* TimeSeries.swift */ = {isa = PBXFileReference; fileEncoding = 4; lastKnownFileType = sourcecode.swift; path = TimeSeries.swift; sourceTree = "<group>"; };
		37F888891DD2AAD900989091 /* SortedArray.swift */ = {isa = PBXFileReference; fileEncoding = 4; lastKnownFileType = sourcecode.swift; path = SortedArray.swift; sourceTree = "<group>"; };
		37F8888B1DD2AAF400989091 /* Protocols.swift */ = {isa = PBXFileReference; fileEncoding = 4; lastKnownFileType = sourcecode.swift; path = Protocols.swift; sourceTree = "<group>"; };
		37F8888D1DD2C3A000989091 /* LICENSE */ = {isa = PBXFileReference; fileEncoding = 4; lastKnownFileType = text; path = LICENSE; sourceTree = "<group>"; };
		37F8888E1DD2C3B100989091 /* README.md */ = {isa = PBXFileReference; fileEncoding = 4; lastKnownFileType = net.daringfireball.markdown; path = README.md; sourceTree = "<group>"; };
		37F888931DD3811700989091 /* Scratchpad.swift */ = {isa = PBXFileReference; fileEncoding = 4; lastKnownFileType = sourcecode.swift; path = Scratchpad.swift; sourceTree = "<group>"; };
		37F888951DD38B2C00989091 /* Index2.swift */ = {isa = PBXFileReference; fileEncoding = 4; lastKnownFileType = sourcecode.swift; path = Index2.swift; sourceTree = "<group>"; };
		37F888971DD398DB00989091 /* Extensions.swift */ = {isa = PBXFileReference; fileEncoding = 4; lastKnownFileType = sourcecode.swift; path = Extensions.swift; sourceTree = "<group>"; };
/* End PBXFileReference section */

/* Begin PBXFrameworksBuildPhase section */
		37F8887A1DD2AAA200989091 /* Frameworks */ = {
			isa = PBXFrameworksBuildPhase;
			buildActionMask = 2147483647;
			files = (
			);
			runOnlyForDeploymentPostprocessing = 0;
		};
/* End PBXFrameworksBuildPhase section */

/* Begin PBXGroup section */
		3780E2AA1DD4E1D4005867E2 /* Scratchpad */ = {
			isa = PBXGroup;
			children = (
				37F888871DD2AAC200989091 /* TimeSeries.swift */,
				3780E2A41DD4D252005867E2 /* main2.swift */,
			);
			name = Scratchpad;
			sourceTree = "<group>";
		};
		37F888741DD2AAA200989091 = {
			isa = PBXGroup;
			children = (
				37F8888E1DD2C3B100989091 /* README.md */,
				37F8888D1DD2C3A000989091 /* LICENSE */,
				37F8887F1DD2AAA200989091 /* TimeSeries */,
				37F8887E1DD2AAA200989091 /* Products */,
			);
			sourceTree = "<group>";
		};
		37F8887E1DD2AAA200989091 /* Products */ = {
			isa = PBXGroup;
			children = (
				37F8887D1DD2AAA200989091 /* TimeSeries */,
			);
			name = Products;
			sourceTree = "<group>";
		};
		37F8887F1DD2AAA200989091 /* TimeSeries */ = {
			isa = PBXGroup;
			children = (
				3780E2AA1DD4E1D4005867E2 /* Scratchpad */,
				37F888801DD2AAA200989091 /* main.swift */,
				37F888951DD38B2C00989091 /* Index2.swift */,
				37F888891DD2AAD900989091 /* SortedArray.swift */,
				3780E2A81DD4E02A005867E2 /* Sequenceable.swift */,
				3780E2A61DD4D485005867E2 /* SortedArrayTests.swift */,
				37F8888B1DD2AAF400989091 /* Protocols.swift */,
				37F888971DD398DB00989091 /* Extensions.swift */,
				3780E2A21DD4D06F005867E2 /* TimeSeries2.swift */,
				37F888931DD3811700989091 /* Scratchpad.swift */,
			);
			path = TimeSeries;
			sourceTree = "<group>";
		};
/* End PBXGroup section */

/* Begin PBXNativeTarget section */
		37F8887C1DD2AAA200989091 /* TimeSeries */ = {
			isa = PBXNativeTarget;
			buildConfigurationList = 37F888841DD2AAA200989091 /* Build configuration list for PBXNativeTarget "TimeSeries" */;
			buildPhases = (
				37F888791DD2AAA200989091 /* Sources */,
				37F8887A1DD2AAA200989091 /* Frameworks */,
				37F8887B1DD2AAA200989091 /* CopyFiles */,
			);
			buildRules = (
			);
			dependencies = (
			);
			name = TimeSeries;
			productName = TimeSeries;
			productReference = 37F8887D1DD2AAA200989091 /* TimeSeries */;
			productType = "com.apple.product-type.tool";
		};
/* End PBXNativeTarget section */

/* Begin PBXProject section */
		37F888751DD2AAA200989091 /* Project object */ = {
			isa = PBXProject;
			attributes = {
				LastSwiftUpdateCheck = 0800;
				LastUpgradeCheck = 0800;
				ORGANIZATIONNAME = "Adam Nemecek";
				TargetAttributes = {
					37F8887C1DD2AAA200989091 = {
						CreatedOnToolsVersion = 8.0;
						ProvisioningStyle = Automatic;
					};
				};
			};
			buildConfigurationList = 37F888781DD2AAA200989091 /* Build configuration list for PBXProject "TimeSeries" */;
			compatibilityVersion = "Xcode 3.2";
			developmentRegion = English;
			hasScannedForEncodings = 0;
			knownRegions = (
				en,
			);
			mainGroup = 37F888741DD2AAA200989091;
			productRefGroup = 37F8887E1DD2AAA200989091 /* Products */;
			projectDirPath = "";
			projectRoot = "";
			targets = (
				37F8887C1DD2AAA200989091 /* TimeSeries */,
			);
		};
/* End PBXProject section */

/* Begin PBXSourcesBuildPhase section */
		37F888791DD2AAA200989091 /* Sources */ = {
			isa = PBXSourcesBuildPhase;
			buildActionMask = 2147483647;
			files = (
				3780E2A31DD4D06F005867E2 /* TimeSeries2.swift in Sources */,
				37F888941DD3811700989091 /* Scratchpad.swift in Sources */,
				3780E2A91DD4E02A005867E2 /* Sequenceable.swift in Sources */,
				37F888811DD2AAA200989091 /* main.swift in Sources */,
				37F8888A1DD2AAD900989091 /* SortedArray.swift in Sources */,
				3780E2A71DD4D485005867E2 /* SortedArrayTests.swift in Sources */,
				37F888981DD398DB00989091 /* Extensions.swift in Sources */,
				37F8888F1DD2C3B100989091 /* README.md in Sources */,
				37F8888C1DD2AAF400989091 /* Protocols.swift in Sources */,
			);
			runOnlyForDeploymentPostprocessing = 0;
		};
/* End PBXSourcesBuildPhase section */

/* Begin XCBuildConfiguration section */
		37F888821DD2AAA200989091 /* Debug */ = {
			isa = XCBuildConfiguration;
			buildSettings = {
				ALWAYS_SEARCH_USER_PATHS = NO;
				CLANG_ANALYZER_NONNULL = YES;
				CLANG_CXX_LANGUAGE_STANDARD = "gnu++0x";
				CLANG_CXX_LIBRARY = "libc++";
				CLANG_ENABLE_MODULES = YES;
				CLANG_ENABLE_OBJC_ARC = YES;
				CLANG_WARN_BOOL_CONVERSION = YES;
				CLANG_WARN_CONSTANT_CONVERSION = YES;
				CLANG_WARN_DIRECT_OBJC_ISA_USAGE = YES_ERROR;
				CLANG_WARN_DOCUMENTATION_COMMENTS = YES;
				CLANG_WARN_EMPTY_BODY = YES;
				CLANG_WARN_ENUM_CONVERSION = YES;
				CLANG_WARN_INFINITE_RECURSION = YES;
				CLANG_WARN_INT_CONVERSION = YES;
				CLANG_WARN_OBJC_ROOT_CLASS = YES_ERROR;
				CLANG_WARN_SUSPICIOUS_MOVES = YES;
				CLANG_WARN_UNREACHABLE_CODE = YES;
				CLANG_WARN__DUPLICATE_METHOD_MATCH = YES;
				CODE_SIGN_IDENTITY = "-";
				COPY_PHASE_STRIP = NO;
				DEBUG_INFORMATION_FORMAT = dwarf;
				ENABLE_STRICT_OBJC_MSGSEND = YES;
				ENABLE_TESTABILITY = YES;
				GCC_C_LANGUAGE_STANDARD = gnu99;
				GCC_DYNAMIC_NO_PIC = NO;
				GCC_NO_COMMON_BLOCKS = YES;
				GCC_OPTIMIZATION_LEVEL = 0;
				GCC_PREPROCESSOR_DEFINITIONS = (
					"DEBUG=1",
					"$(inherited)",
				);
				GCC_WARN_64_TO_32_BIT_CONVERSION = YES;
				GCC_WARN_ABOUT_RETURN_TYPE = YES_ERROR;
				GCC_WARN_UNDECLARED_SELECTOR = YES;
				GCC_WARN_UNINITIALIZED_AUTOS = YES_AGGRESSIVE;
				GCC_WARN_UNUSED_FUNCTION = YES;
				GCC_WARN_UNUSED_VARIABLE = YES;
				MACOSX_DEPLOYMENT_TARGET = 10.12;
				MTL_ENABLE_DEBUG_INFO = YES;
				ONLY_ACTIVE_ARCH = YES;
				SDKROOT = macosx;
				SWIFT_OPTIMIZATION_LEVEL = "-Onone";
			};
			name = Debug;
		};
		37F888831DD2AAA200989091 /* Release */ = {
			isa = XCBuildConfiguration;
			buildSettings = {
				ALWAYS_SEARCH_USER_PATHS = NO;
				CLANG_ANALYZER_NONNULL = YES;
				CLANG_CXX_LANGUAGE_STANDARD = "gnu++0x";
				CLANG_CXX_LIBRARY = "libc++";
				CLANG_ENABLE_MODULES = YES;
				CLANG_ENABLE_OBJC_ARC = YES;
				CLANG_WARN_BOOL_CONVERSION = YES;
				CLANG_WARN_CONSTANT_CONVERSION = YES;
				CLANG_WARN_DIRECT_OBJC_ISA_USAGE = YES_ERROR;
				CLANG_WARN_DOCUMENTATION_COMMENTS = YES;
				CLANG_WARN_EMPTY_BODY = YES;
				CLANG_WARN_ENUM_CONVERSION = YES;
				CLANG_WARN_INFINITE_RECURSION = YES;
				CLANG_WARN_INT_CONVERSION = YES;
				CLANG_WARN_OBJC_ROOT_CLASS = YES_ERROR;
				CLANG_WARN_SUSPICIOUS_MOVES = YES;
				CLANG_WARN_UNREACHABLE_CODE = YES;
				CLANG_WARN__DUPLICATE_METHOD_MATCH = YES;
				CODE_SIGN_IDENTITY = "-";
				COPY_PHASE_STRIP = NO;
				DEBUG_INFORMATION_FORMAT = "dwarf-with-dsym";
				ENABLE_NS_ASSERTIONS = NO;
				ENABLE_STRICT_OBJC_MSGSEND = YES;
				GCC_C_LANGUAGE_STANDARD = gnu99;
				GCC_NO_COMMON_BLOCKS = YES;
				GCC_WARN_64_TO_32_BIT_CONVERSION = YES;
				GCC_WARN_ABOUT_RETURN_TYPE = YES_ERROR;
				GCC_WARN_UNDECLARED_SELECTOR = YES;
				GCC_WARN_UNINITIALIZED_AUTOS = YES_AGGRESSIVE;
				GCC_WARN_UNUSED_FUNCTION = YES;
				GCC_WARN_UNUSED_VARIABLE = YES;
				MACOSX_DEPLOYMENT_TARGET = 10.12;
				MTL_ENABLE_DEBUG_INFO = NO;
				SDKROOT = macosx;
			};
			name = Release;
		};
		37F888851DD2AAA200989091 /* Debug */ = {
			isa = XCBuildConfiguration;
			buildSettings = {
				PRODUCT_NAME = "$(TARGET_NAME)";
				SWIFT_VERSION = 3.0;
			};
			name = Debug;
		};
		37F888861DD2AAA200989091 /* Release */ = {
			isa = XCBuildConfiguration;
			buildSettings = {
				PRODUCT_NAME = "$(TARGET_NAME)";
				SWIFT_VERSION = 3.0;
			};
			name = Release;
		};
/* End XCBuildConfiguration section */

/* Begin XCConfigurationList section */
		37F888781DD2AAA200989091 /* Build configuration list for PBXProject "TimeSeries" */ = {
			isa = XCConfigurationList;
			buildConfigurations = (
				37F888821DD2AAA200989091 /* Debug */,
				37F888831DD2AAA200989091 /* Release */,
			);
			defaultConfigurationIsVisible = 0;
			defaultConfigurationName = Release;
		};
		37F888841DD2AAA200989091 /* Build configuration list for PBXNativeTarget "TimeSeries" */ = {
			isa = XCConfigurationList;
			buildConfigurations = (
				37F888851DD2AAA200989091 /* Debug */,
				37F888861DD2AAA200989091 /* Release */,
			);
			defaultConfigurationIsVisible = 0;
			defaultConfigurationName = Release;
		};
/* End XCConfigurationList section */
	};
	rootObject = 37F888751DD2AAA200989091 /* Project object */;
}
